
Microsoft Visual Studio Solution File, Format Version 12.00
# Visual Studio Version 16
VisualStudioVersion = 16.0.30204.135
MinimumVisualStudioVersion = 10.0.40219.1
Project("{FAE04EC0-301F-11D3-BF4B-00C04F79EFBC}") = "ConsoleApp5", "ConsoleApp5\ConsoleApp5.csproj", "{F4EDA98C-3140-4505-B894-38339029EFE6}"
EndProject
Global
	GlobalSection(SolutionConfigurationPlatforms) = preSolution
		Debug|Any CPU = Debug|Any CPU
		Release|Any CPU = Release|Any CPU
	EndGlobalSection
	GlobalSection(ProjectConfigurationPlatforms) = postSolution
		{F4EDA98C-3140-4505-B894-38339029EFE6}.Debug|Any CPU.ActiveCfg = Debug|Any CPU
		{F4EDA98C-3140-4505-B894-38339029EFE6}.Debug|Any CPU.Build.0 = Debug|Any CPU
		{F4EDA98C-3140-4505-B894-38339029EFE6}.Release|Any CPU.ActiveCfg = Release|Any CPU
		{F4EDA98C-3140-4505-B894-38339029EFE6}.Release|Any CPU.Build.0 = Release|Any CPU
	EndGlobalSection
	GlobalSection(SolutionProperties) = preSolution
		HideSolutionNode = FALSE
	EndGlobalSection
	GlobalSection(ExtensibilityGlobals) = postSolution
		SolutionGuid = {EDEB1650-CFC0-4846-B9DB-C500A85D5EAC}
	EndGlobalSection
EndGlobal
